
Microsoft Visual Studio Solution File, Format Version 12.00
# Visual Studio Version 17
VisualStudioVersion = 17.5.33516.290
MinimumVisualStudioVersion = 10.0.40219.1
Project("{9A19103F-16F7-4668-BE54-9A1E7A4F7556}") = "WebUI", "WebUI\WebUI.csproj", "{0A58F137-3AC7-4D72-AFBD-959E52629B3E}"
EndProject
Project("{9A19103F-16F7-4668-BE54-9A1E7A4F7556}") = "DataAccess", "DataAccess\DataAccess.csproj", "{F4ACBC50-3573-4D4F-BC31-9D7EE46E17F9}"
EndProject
Project("{9A19103F-16F7-4668-BE54-9A1E7A4F7556}") = "Entities", "Entities\Entities.csproj", "{ABDC3FCE-79AB-4285-B948-1F19468B26D5}"
EndProject
Project("{FAE04EC0-301F-11D3-BF4B-00C04F79EFBC}") = "Services", "Services\Services.csproj", "{03F73C02-793C-40A6-9BA1-96A48A9104BC}"
EndProject
Global
	GlobalSection(SolutionConfigurationPlatforms) = preSolution
		Debug|Any CPU = Debug|Any CPU
		Release|Any CPU = Release|Any CPU
	EndGlobalSection
	GlobalSection(ProjectConfigurationPlatforms) = postSolution
		{0A58F137-3AC7-4D72-AFBD-959E52629B3E}.Debug|Any CPU.ActiveCfg = Debug|Any CPU
		{0A58F137-3AC7-4D72-AFBD-959E52629B3E}.Debug|Any CPU.Build.0 = Debug|Any CPU
		{0A58F137-3AC7-4D72-AFBD-959E52629B3E}.Release|Any CPU.ActiveCfg = Release|Any CPU
		{0A58F137-3AC7-4D72-AFBD-959E52629B3E}.Release|Any CPU.Build.0 = Release|Any CPU
		{F4ACBC50-3573-4D4F-BC31-9D7EE46E17F9}.Debug|Any CPU.ActiveCfg = Debug|Any CPU
		{F4ACBC50-3573-4D4F-BC31-9D7EE46E17F9}.Debug|Any CPU.Build.0 = Debug|Any CPU
		{F4ACBC50-3573-4D4F-BC31-9D7EE46E17F9}.Release|Any CPU.ActiveCfg = Release|Any CPU
		{F4ACBC50-3573-4D4F-BC31-9D7EE46E17F9}.Release|Any CPU.Build.0 = Release|Any CPU
		{ABDC3FCE-79AB-4285-B948-1F19468B26D5}.Debug|Any CPU.ActiveCfg = Debug|Any CPU
		{ABDC3FCE-79AB-4285-B948-1F19468B26D5}.Debug|Any CPU.Build.0 = Debug|Any CPU
		{ABDC3FCE-79AB-4285-B948-1F19468B26D5}.Release|Any CPU.ActiveCfg = Release|Any CPU
		{ABDC3FCE-79AB-4285-B948-1F19468B26D5}.Release|Any CPU.Build.0 = Release|Any CPU
		{03F73C02-793C-40A6-9BA1-96A48A9104BC}.Debug|Any CPU.ActiveCfg = Debug|Any CPU
		{03F73C02-793C-40A6-9BA1-96A48A9104BC}.Debug|Any CPU.Build.0 = Debug|Any CPU
		{03F73C02-793C-40A6-9BA1-96A48A9104BC}.Release|Any CPU.ActiveCfg = Release|Any CPU
		{03F73C02-793C-40A6-9BA1-96A48A9104BC}.Release|Any CPU.Build.0 = Release|Any CPU
	EndGlobalSection
	GlobalSection(SolutionProperties) = preSolution
		HideSolutionNode = FALSE
	EndGlobalSection
	GlobalSection(ExtensibilityGlobals) = postSolution
		SolutionGuid = {D63790B4-51FC-4FF1-82C1-2D15759CABB2}
	EndGlobalSection
EndGlobal
